{
  "name": "telegram-to-todo",
  "version": "0.0.1",
  "lockfileVersion": 3,
  "requires": true,
  "packages": {
    "": {
      "name": "telegram-to-todo",
      "version": "0.0.1",
      "license": "MIT",
      "dependencies": {
        "node-telegram-bot-api": "^1.1.2"
      },
      "engines": {
        "node": ">=18"
      }
    },
    "node_modules/node-telegram-bot-api": {
      "version": "1.1.2",
      "resolved": "https://registry.npmjs.org/node-telegram-bot-api/-/node-telegram-bot-api-1.1.2.tgz",
      "integrity": "sha512-PtLczp0WZCQz7LHsObl1WIyfMSTco58cfYXITqB4Fbeuybd/A/sM729h892fbcjz+szJ9lpu+/pfewUs9NObrg==",
      "license": "MIT",
      "engines": {
        "node": ">=18"
      }
    }
  }
}
